
Microsoft Visual Studio Solution File, Format Version 12.00
# Visual Studio Version 16
VisualStudioVersion = 16.0.29609.76
MinimumVisualStudioVersion = 10.0.40219.1
Project("{FAE04EC0-301F-11D3-BF4B-00C04F79EFBC}") = "SerilogDemo", "SerilogDemo.csproj", "{8E593D33-654D-4109-8083-E287AA4F62D9}"
EndProject
Global
	GlobalSection(SolutionConfigurationPlatforms) = preSolution
		Debug|Any CPU = Debug|Any CPU
		Release|Any CPU = Release|Any CPU
	EndGlobalSection
	GlobalSection(ProjectConfigurationPlatforms) = postSolution
		{8E593D33-654D-4109-8083-E287AA4F62D9}.Debug|Any CPU.ActiveCfg = Debug|Any CPU
		{8E593D33-654D-4109-8083-E287AA4F62D9}.Debug|Any CPU.Build.0 = Debug|Any CPU
		{8E593D33-654D-4109-8083-E287AA4F62D9}.Release|Any CPU.ActiveCfg = Release|Any CPU
		{8E593D33-654D-4109-8083-E287AA4F62D9}.Release|Any CPU.Build.0 = Release|Any CPU
	EndGlobalSection
	GlobalSection(SolutionProperties) = preSolution
		HideSolutionNode = FALSE
	EndGlobalSection
	GlobalSection(ExtensibilityGlobals) = postSolution
		SolutionGuid = {FB369E3F-38E8-4408-9FC0-014FADFE56A3}
	EndGlobalSection
EndGlobal
